
Microsoft Visual Studio Solution File, Format Version 12.00
# Visual Studio Version 17
VisualStudioVersion = 17.0.31912.275
MinimumVisualStudioVersion = 10.0.40219.1
Project("{FAE04EC0-301F-11D3-BF4B-00C04F79EFBC}") = "ERTA7 OOP", "ERTA7 OOP\ERTA7 OOP.csproj", "{B38CFBBD-D320-42D6-8C8A-7A6FA98502F4}"
EndProject
Global
	GlobalSection(SolutionConfigurationPlatforms) = preSolution
		Debug|Any CPU = Debug|Any CPU
		Release|Any CPU = Release|Any CPU
	EndGlobalSection
	GlobalSection(ProjectConfigurationPlatforms) = postSolution
		{B38CFBBD-D320-42D6-8C8A-7A6FA98502F4}.Debug|Any CPU.ActiveCfg = Debug|Any CPU
		{B38CFBBD-D320-42D6-8C8A-7A6FA98502F4}.Debug|Any CPU.Build.0 = Debug|Any CPU
		{B38CFBBD-D320-42D6-8C8A-7A6FA98502F4}.Release|Any CPU.ActiveCfg = Release|Any CPU
		{B38CFBBD-D320-42D6-8C8A-7A6FA98502F4}.Release|Any CPU.Build.0 = Release|Any CPU
	EndGlobalSection
	GlobalSection(SolutionProperties) = preSolution
		HideSolutionNode = FALSE
	EndGlobalSection
	GlobalSection(ExtensibilityGlobals) = postSolution
		SolutionGuid = {C24843E8-6C86-4774-8F0E-47A24CD2BAD3}
	EndGlobalSection
EndGlobal
